
Microsoft Visual Studio Solution File, Format Version 12.00
# Visual Studio Version 17
VisualStudioVersion = 17.7.34221.43
MinimumVisualStudioVersion = 10.0.40219.1
Project("{9A19103F-16F7-4668-BE54-9A1E7A4F7556}") = "Day01", "Day01\Day01.csproj", "{95DBF6F4-FE02-472F-B41E-36AF38B95185}"
EndProject
Project("{9A19103F-16F7-4668-BE54-9A1E7A4F7556}") = "Day02", "Day02\Day02.csproj", "{D995E6D7-1484-48E8-923C-A258474268D5}"
EndProject
Project("{9A19103F-16F7-4668-BE54-9A1E7A4F7556}") = "Gateway", "Gateway\Gateway.csproj", "{EA934073-F8BB-447D-9A13-63A08156D762}"
EndProject
Project("{9A19103F-16F7-4668-BE54-9A1E7A4F7556}") = "Utility", "Utility\Utility\Utility.csproj", "{F030EFAC-C9E7-46C5-AF8A-2937BEE4A548}"
EndProject
Project("{9A19103F-16F7-4668-BE54-9A1E7A4F7556}") = "Day04", "Day04\Day04\Day04.csproj", "{5CAF9C19-4547-41B5-9685-23223E700B23}"
EndProject
Project("{9A19103F-16F7-4668-BE54-9A1E7A4F7556}") = "Day04B", "Day 04B\Day04B.csproj", "{9AA64EA1-3C09-4953-8872-556754057B75}"
EndProject
Project("{9A19103F-16F7-4668-BE54-9A1E7A4F7556}") = "Day05", "Day05\Day05.csproj", "{2ADDB8D5-4E32-40BA-BB0F-69FB8A14E7B9}"
EndProject
Project("{9A19103F-16F7-4668-BE54-9A1E7A4F7556}") = "Pretest", "Pretest\Pretest.csproj", "{A215A15B-F997-4914-AB56-2DDCF7DA8F5E}"
EndProject
Project("{9A19103F-16F7-4668-BE54-9A1E7A4F7556}") = "Day06", "Day06\Day06.csproj", "{FA9E857A-E1D4-4F4E-ABAD-497552DC6E83}"
EndProject
Project("{2150E333-8FDC-42A3-9474-1A3956D46DE8}") = "Docker", "Docker", "{D8DF8A47-1F39-4B21-8EBD-BB556CD60C71}"
	ProjectSection(SolutionItems) = preProject
		.env = .env
		docker-compose.yml = docker-compose.yml
	EndProjectSection
EndProject
Project("{FAE04EC0-301F-11D3-BF4B-00C04F79EFBC}") = "Day10", "Day10\Day10.csproj", "{DAFC0AA0-3D7C-4314-964D-0B5CFA4420D7}"
EndProject
Global
	GlobalSection(SolutionConfigurationPlatforms) = preSolution
		Debug|Any CPU = Debug|Any CPU
		Release|Any CPU = Release|Any CPU
	EndGlobalSection
	GlobalSection(ProjectConfigurationPlatforms) = postSolution
		{95DBF6F4-FE02-472F-B41E-36AF38B95185}.Debug|Any CPU.ActiveCfg = Debug|Any CPU
		{95DBF6F4-FE02-472F-B41E-36AF38B95185}.Debug|Any CPU.Build.0 = Debug|Any CPU
		{95DBF6F4-FE02-472F-B41E-36AF38B95185}.Release|Any CPU.ActiveCfg = Release|Any CPU
		{95DBF6F4-FE02-472F-B41E-36AF38B95185}.Release|Any CPU.Build.0 = Release|Any CPU
		{D995E6D7-1484-48E8-923C-A258474268D5}.Debug|Any CPU.ActiveCfg = Debug|Any CPU
		{D995E6D7-1484-48E8-923C-A258474268D5}.Debug|Any CPU.Build.0 = Debug|Any CPU
		{D995E6D7-1484-48E8-923C-A258474268D5}.Release|Any CPU.ActiveCfg = Release|Any CPU
		{D995E6D7-1484-48E8-923C-A258474268D5}.Release|Any CPU.Build.0 = Release|Any CPU
		{EA934073-F8BB-447D-9A13-63A08156D762}.Debug|Any CPU.ActiveCfg = Debug|Any CPU
		{EA934073-F8BB-447D-9A13-63A08156D762}.Debug|Any CPU.Build.0 = Debug|Any CPU
		{EA934073-F8BB-447D-9A13-63A08156D762}.Release|Any CPU.ActiveCfg = Release|Any CPU
		{EA934073-F8BB-447D-9A13-63A08156D762}.Release|Any CPU.Build.0 = Release|Any CPU
		{F030EFAC-C9E7-46C5-AF8A-2937BEE4A548}.Debug|Any CPU.ActiveCfg = Debug|Any CPU
		{F030EFAC-C9E7-46C5-AF8A-2937BEE4A548}.Debug|Any CPU.Build.0 = Debug|Any CPU
		{F030EFAC-C9E7-46C5-AF8A-2937BEE4A548}.Release|Any CPU.ActiveCfg = Release|Any CPU
		{F030EFAC-C9E7-46C5-AF8A-2937BEE4A548}.Release|Any CPU.Build.0 = Release|Any CPU
		{5CAF9C19-4547-41B5-9685-23223E700B23}.Debug|Any CPU.ActiveCfg = Debug|Any CPU
		{5CAF9C19-4547-41B5-9685-23223E700B23}.Debug|Any CPU.Build.0 = Debug|Any CPU
		{5CAF9C19-4547-41B5-9685-23223E700B23}.Release|Any CPU.ActiveCfg = Release|Any CPU
		{5CAF9C19-4547-41B5-9685-23223E700B23}.Release|Any CPU.Build.0 = Release|Any CPU
		{9AA64EA1-3C09-4953-8872-556754057B75}.Debug|Any CPU.ActiveCfg = Debug|Any CPU
		{9AA64EA1-3C09-4953-8872-556754057B75}.Debug|Any CPU.Build.0 = Debug|Any CPU
		{9AA64EA1-3C09-4953-8872-556754057B75}.Release|Any CPU.ActiveCfg = Release|Any CPU
		{9AA64EA1-3C09-4953-8872-556754057B75}.Release|Any CPU.Build.0 = Release|Any CPU
		{2ADDB8D5-4E32-40BA-BB0F-69FB8A14E7B9}.Debug|Any CPU.ActiveCfg = Debug|Any CPU
		{2ADDB8D5-4E32-40BA-BB0F-69FB8A14E7B9}.Debug|Any CPU.Build.0 = Debug|Any CPU
		{2ADDB8D5-4E32-40BA-BB0F-69FB8A14E7B9}.Release|Any CPU.ActiveCfg = Release|Any CPU
		{2ADDB8D5-4E32-40BA-BB0F-69FB8A14E7B9}.Release|Any CPU.Build.0 = Release|Any CPU
		{A215A15B-F997-4914-AB56-2DDCF7DA8F5E}.Debug|Any CPU.ActiveCfg = Debug|Any CPU
		{A215A15B-F997-4914-AB56-2DDCF7DA8F5E}.Debug|Any CPU.Build.0 = Debug|Any CPU
		{A215A15B-F997-4914-AB56-2DDCF7DA8F5E}.Release|Any CPU.ActiveCfg = Release|Any CPU
		{A215A15B-F997-4914-AB56-2DDCF7DA8F5E}.Release|Any CPU.Build.0 = Release|Any CPU
		{FA9E857A-E1D4-4F4E-ABAD-497552DC6E83}.Debug|Any CPU.ActiveCfg = Debug|Any CPU
		{FA9E857A-E1D4-4F4E-ABAD-497552DC6E83}.Debug|Any CPU.Build.0 = Debug|Any CPU
		{FA9E857A-E1D4-4F4E-ABAD-497552DC6E83}.Release|Any CPU.ActiveCfg = Release|Any CPU
		{FA9E857A-E1D4-4F4E-ABAD-497552DC6E83}.Release|Any CPU.Build.0 = Release|Any CPU
		{DAFC0AA0-3D7C-4314-964D-0B5CFA4420D7}.Debug|Any CPU.ActiveCfg = Debug|Any CPU
		{DAFC0AA0-3D7C-4314-964D-0B5CFA4420D7}.Debug|Any CPU.Build.0 = Debug|Any CPU
		{DAFC0AA0-3D7C-4314-964D-0B5CFA4420D7}.Release|Any CPU.ActiveCfg = Release|Any CPU
		{DAFC0AA0-3D7C-4314-964D-0B5CFA4420D7}.Release|Any CPU.Build.0 = Release|Any CPU
	EndGlobalSection
	GlobalSection(SolutionProperties) = preSolution
		HideSolutionNode = FALSE
	EndGlobalSection
	GlobalSection(ExtensibilityGlobals) = postSolution
		SolutionGuid = {4E58A7A5-86C0-4124-89C5-562F3A29F469}
	EndGlobalSection
EndGlobal
